
Microsoft Visual Studio Solution File, Format Version 12.00
# Visual Studio Version 17
VisualStudioVersion = 17.14.36414.22 d17.14
MinimumVisualStudioVersion = 10.0.40219.1
Project("{FAE04EC0-301F-11D3-BF4B-00C04F79EFBC}") = "Assignment1", "Assignment1\Assignment1.csproj", "{FDEF62B8-63D7-4356-9FC4-2879B05EC72E}"
EndProject
Global
	GlobalSection(SolutionConfigurationPlatforms) = preSolution
		Debug|Any CPU = Debug|Any CPU
		Release|Any CPU = Release|Any CPU
	EndGlobalSection
	GlobalSection(ProjectConfigurationPlatforms) = postSolution
		{FDEF62B8-63D7-4356-9FC4-2879B05EC72E}.Debug|Any CPU.ActiveCfg = Debug|Any CPU
		{FDEF62B8-63D7-4356-9FC4-2879B05EC72E}.Debug|Any CPU.Build.0 = Debug|Any CPU
		{FDEF62B8-63D7-4356-9FC4-2879B05EC72E}.Release|Any CPU.ActiveCfg = Release|Any CPU
		{FDEF62B8-63D7-4356-9FC4-2879B05EC72E}.Release|Any CPU.Build.0 = Release|Any CPU
	EndGlobalSection
	GlobalSection(SolutionProperties) = preSolution
		HideSolutionNode = FALSE
	EndGlobalSection
	GlobalSection(ExtensibilityGlobals) = postSolution
		SolutionGuid = {A6C6610A-86CC-40BF-8E70-0880CDB1C6E8}
	EndGlobalSection
EndGlobal
